
Microsoft Visual Studio Solution File, Format Version 12.00
# Visual Studio Version 17
VisualStudioVersion = 17.5.33424.131
MinimumVisualStudioVersion = 10.0.40219.1
Project("{FAE04EC0-301F-11D3-BF4B-00C04F79EFBC}") = "Back_CRUDs_BD", "Back_CRUDs_BD\Back_CRUDs_BD.csproj", "{ADBE651F-7488-4E86-8671-2312E19721FD}"
EndProject
Global
	GlobalSection(SolutionConfigurationPlatforms) = preSolution
		Debug|Any CPU = Debug|Any CPU
		Release|Any CPU = Release|Any CPU
	EndGlobalSection
	GlobalSection(ProjectConfigurationPlatforms) = postSolution
		{ADBE651F-7488-4E86-8671-2312E19721FD}.Debug|Any CPU.ActiveCfg = Debug|Any CPU
		{ADBE651F-7488-4E86-8671-2312E19721FD}.Debug|Any CPU.Build.0 = Debug|Any CPU
		{ADBE651F-7488-4E86-8671-2312E19721FD}.Release|Any CPU.ActiveCfg = Release|Any CPU
		{ADBE651F-7488-4E86-8671-2312E19721FD}.Release|Any CPU.Build.0 = Release|Any CPU
	EndGlobalSection
	GlobalSection(SolutionProperties) = preSolution
		HideSolutionNode = FALSE
	EndGlobalSection
	GlobalSection(ExtensibilityGlobals) = postSolution
		SolutionGuid = {4A0F7799-BCA8-4C3C-8588-FAF3F5DED304}
	EndGlobalSection
EndGlobal
